Microsoft Visual Studio Solution File, Format Version 12.00
# Visual Studio 2013
VisualStudioVersion = 12.0.30723.0
MinimumVisualStudioVersion = 10.0.40219.1
Project("{FAE04EC0-301F-11D3-BF4B-00C04F79EFBC}") = "FarsiLibrary.Win", "FarsiLibrary.Win\FarsiLibrary.Win.csproj", "{83C3AEB8-5322-4DB6-9E7E-4BF8A319DCE7}"
EndProject
Project("{FAE04EC0-301F-11D3-BF4B-00C04F79EFBC}") = "FarsiLibrary.Utils", "FarsiLibrary.Utils\FarsiLibrary.Utils.csproj", "{ED29E567-C801-49E9-8C33-CFB66042B07B}"
EndProject
Project("{FAE04EC0-301F-11D3-BF4B-00C04F79EFBC}") = "FarsiLibrary.Resources", "FarsiLibrary.Resources\FarsiLibrary.Resources.csproj", "{E5575624-4B92-4E51-B98B-20F31FE5B5B4}"
EndProject
Project("{FAE04EC0-301F-11D3-BF4B-00C04F79EFBC}") = "FarsiLibrary.Test", "FarsiLibrary.Test\FarsiLibrary.Test\FarsiLibrary.Test.csproj", "{A5EE7D36-30E7-49AB-90EC-97836840C144}"
EndProject
Global
	GlobalSection(SolutionConfigurationPlatforms) = preSolution
		Debug|.NET = Debug|.NET
		Debug|Any CPU = Debug|Any CPU
		Debug|Mixed Platforms = Debug|Mixed Platforms
		Release|.NET = Release|.NET
		Release|Any CPU = Release|Any CPU
		Release|Mixed Platforms = Release|Mixed Platforms
	EndGlobalSection
	GlobalSection(ProjectConfigurationPlatforms) = postSolution
		{83C3AEB8-5322-4DB6-9E7E-4BF8A319DCE7}.Debug|.NET.ActiveCfg = Debug|Any CPU
		{83C3AEB8-5322-4DB6-9E7E-4BF8A319DCE7}.Debug|Any CPU.ActiveCfg = Debug|Any CPU
		{83C3AEB8-5322-4DB6-9E7E-4BF8A319DCE7}.Debug|Any CPU.Build.0 = Debug|Any CPU
		{83C3AEB8-5322-4DB6-9E7E-4BF8A319DCE7}.Debug|Mixed Platforms.ActiveCfg = Debug|Any CPU
		{83C3AEB8-5322-4DB6-9E7E-4BF8A319DCE7}.Debug|Mixed Platforms.Build.0 = Debug|Any CPU
		{83C3AEB8-5322-4DB6-9E7E-4BF8A319DCE7}.Release|.NET.ActiveCfg = Release|Any CPU
		{83C3AEB8-5322-4DB6-9E7E-4BF8A319DCE7}.Release|Any CPU.ActiveCfg = Release|Any CPU
		{83C3AEB8-5322-4DB6-9E7E-4BF8A319DCE7}.Release|Any CPU.Build.0 = Release|Any CPU
		{83C3AEB8-5322-4DB6-9E7E-4BF8A319DCE7}.Release|Mixed Platforms.ActiveCfg = Release|Any CPU
		{83C3AEB8-5322-4DB6-9E7E-4BF8A319DCE7}.Release|Mixed Platforms.Build.0 = Release|Any CPU
		{ED29E567-C801-49E9-8C33-CFB66042B07B}.Debug|.NET.ActiveCfg = Debug|Any CPU
		{ED29E567-C801-49E9-8C33-CFB66042B07B}.Debug|Any CPU.ActiveCfg = Debug|Any CPU
		{ED29E567-C801-49E9-8C33-CFB66042B07B}.Debug|Any CPU.Build.0 = Debug|Any CPU
		{ED29E567-C801-49E9-8C33-CFB66042B07B}.Debug|Mixed Platforms.ActiveCfg = Debug|Any CPU
		{ED29E567-C801-49E9-8C33-CFB66042B07B}.Debug|Mixed Platforms.Build.0 = Debug|Any CPU
		{ED29E567-C801-49E9-8C33-CFB66042B07B}.Release|.NET.ActiveCfg = Release|Any CPU
		{ED29E567-C801-49E9-8C33-CFB66042B07B}.Release|Any CPU.ActiveCfg = Release|Any CPU
		{ED29E567-C801-49E9-8C33-CFB66042B07B}.Release|Any CPU.Build.0 = Release|Any CPU
		{ED29E567-C801-49E9-8C33-CFB66042B07B}.Release|Mixed Platforms.ActiveCfg = Release|Any CPU
		{ED29E567-C801-49E9-8C33-CFB66042B07B}.Release|Mixed Platforms.Build.0 = Release|Any CPU
		{E5575624-4B92-4E51-B98B-20F31FE5B5B4}.Debug|.NET.ActiveCfg = Debug|Any CPU
		{E5575624-4B92-4E51-B98B-20F31FE5B5B4}.Debug|Any CPU.ActiveCfg = Debug|Any CPU
		{E5575624-4B92-4E51-B98B-20F31FE5B5B4}.Debug|Any CPU.Build.0 = Debug|Any CPU
		{E5575624-4B92-4E51-B98B-20F31FE5B5B4}.Debug|Mixed Platforms.ActiveCfg = Debug|Any CPU
		{E5575624-4B92-4E51-B98B-20F31FE5B5B4}.Debug|Mixed Platforms.Build.0 = Debug|Any CPU
		{E5575624-4B92-4E51-B98B-20F31FE5B5B4}.Release|.NET.ActiveCfg = Release|Any CPU
		{E5575624-4B92-4E51-B98B-20F31FE5B5B4}.Release|Any CPU.ActiveCfg = Release|Any CPU
		{E5575624-4B92-4E51-B98B-20F31FE5B5B4}.Release|Any CPU.Build.0 = Release|Any CPU
		{E5575624-4B92-4E51-B98B-20F31FE5B5B4}.Release|Mixed Platforms.ActiveCfg = Release|Any CPU
		{E5575624-4B92-4E51-B98B-20F31FE5B5B4}.Release|Mixed Platforms.Build.0 = Release|Any CPU
		{A5EE7D36-30E7-49AB-90EC-97836840C144}.Debug|.NET.ActiveCfg = Debug|Any CPU
		{A5EE7D36-30E7-49AB-90EC-97836840C144}.Debug|Any CPU.ActiveCfg = Debug|Any CPU
		{A5EE7D36-30E7-49AB-90EC-97836840C144}.Debug|Any CPU.Build.0 = Debug|Any CPU
		{A5EE7D36-30E7-49AB-90EC-97836840C144}.Debug|Mixed Platforms.ActiveCfg = Debug|Any CPU
		{A5EE7D36-30E7-49AB-90EC-97836840C144}.Debug|Mixed Platforms.Build.0 = Debug|Any CPU
		{A5EE7D36-30E7-49AB-90EC-97836840C144}.Release|.NET.ActiveCfg = Release|Any CPU
		{A5EE7D36-30E7-49AB-90EC-97836840C144}.Release|Any CPU.ActiveCfg = Release|Any CPU
		{A5EE7D36-30E7-49AB-90EC-97836840C144}.Release|Any CPU.Build.0 = Release|Any CPU
		{A5EE7D36-30E7-49AB-90EC-97836840C144}.Release|Mixed Platforms.ActiveCfg = Release|Any CPU
		{A5EE7D36-30E7-49AB-90EC-97836840C144}.Release|Mixed Platforms.Build.0 = Release|Any CPU
	EndGlobalSection
	GlobalSection(SolutionProperties) = preSolution
		HideSolutionNode = FALSE
	EndGlobalSection
EndGlobal
